
Microsoft Visual Studio Solution File, Format Version 12.00
# Visual Studio Version 17
VisualStudioVersion = 17.14.36121.58
MinimumVisualStudioVersion = 10.0.40219.1
Project("{FAE04EC0-301F-11D3-BF4B-00C04F79EFBC}") = "MagicVilla_VillaApi", "MagicVilla_VillaApi\MagicVilla_VillaApi.csproj", "{93D7D3EF-945A-4B1A-8A92-DF2BF7E30848}"
EndProject
Project("{FAE04EC0-301F-11D3-BF4B-00C04F79EFBC}") = "MagicVilla_Web", "MagicVilla_Web\MagicVilla_Web.csproj", "{593CBDBD-4DDB-494A-86FA-3D9FF88738A2}"
EndProject
Global
	GlobalSection(SolutionConfigurationPlatforms) = preSolution
		Debug|Any CPU = Debug|Any CPU
		Release|Any CPU = Release|Any CPU
	EndGlobalSection
	GlobalSection(ProjectConfigurationPlatforms) = postSolution
		{93D7D3EF-945A-4B1A-8A92-DF2BF7E30848}.Debug|Any CPU.ActiveCfg = Debug|Any CPU
		{93D7D3EF-945A-4B1A-8A92-DF2BF7E30848}.Debug|Any CPU.Build.0 = Debug|Any CPU
		{93D7D3EF-945A-4B1A-8A92-DF2BF7E30848}.Release|Any CPU.ActiveCfg = Release|Any CPU
		{93D7D3EF-945A-4B1A-8A92-DF2BF7E30848}.Release|Any CPU.Build.0 = Release|Any CPU
		{593CBDBD-4DDB-494A-86FA-3D9FF88738A2}.Debug|Any CPU.ActiveCfg = Debug|Any CPU
		{593CBDBD-4DDB-494A-86FA-3D9FF88738A2}.Debug|Any CPU.Build.0 = Debug|Any CPU
		{593CBDBD-4DDB-494A-86FA-3D9FF88738A2}.Release|Any CPU.ActiveCfg = Release|Any CPU
		{593CBDBD-4DDB-494A-86FA-3D9FF88738A2}.Release|Any CPU.Build.0 = Release|Any CPU
	EndGlobalSection
	GlobalSection(SolutionProperties) = preSolution
		HideSolutionNode = FALSE
	EndGlobalSection
	GlobalSection(ExtensibilityGlobals) = postSolution
		SolutionGuid = {7085716D-EECC-4A9B-AB5C-F97A4A7605F8}
	EndGlobalSection
EndGlobal
